
Microsoft Visual Studio Solution File, Format Version 12.00
# Visual Studio 15
VisualStudioVersion = 15.0.26124.0
MinimumVisualStudioVersion = 15.0.26124.0
Project("{FAE04EC0-301F-11D3-BF4B-00C04F79EFBC}") = "VRPortalNexGen", "VRPortalNexGen\VRPortalNexGen.csproj", "{6501C741-47FF-4944-8E65-0850B2917D4D}"
EndProject
Project("{FAE04EC0-301F-11D3-BF4B-00C04F79EFBC}") = "VRPortal.BL", "VRPortal.BL\VRPortal.BL.csproj", "{62C182F0-996B-43A1-BCC4-138F7D7D2B9F}"
EndProject
Project("{FAE04EC0-301F-11D3-BF4B-00C04F79EFBC}") = "VRPortal.Utilities", "VRPortal.Utilities\VRPortal.Utilities.csproj", "{92220F94-C95D-4779-A367-93F672824CB5}"
EndProject
Project("{FAE04EC0-301F-11D3-BF4B-00C04F79EFBC}") = "VRPortal.Models", "VRPortal.Models\VRPortal.Models.csproj", "{40C2289C-A69A-47CF-9AC6-E7C277E5E58C}"
EndProject
Project("{FAE04EC0-301F-11D3-BF4B-00C04F79EFBC}") = "VRPortal.DAL", "VRPortal.DAL\VRPortal.DAL.csproj", "{91D37210-1F43-493E-B539-7D03DEC6DBC4}"
EndProject
Global
	GlobalSection(SolutionConfigurationPlatforms) = preSolution
		Debug|Any CPU = Debug|Any CPU
		Debug|x64 = Debug|x64
		Debug|x86 = Debug|x86
		Release|Any CPU = Release|Any CPU
		Release|x64 = Release|x64
		Release|x86 = Release|x86
	EndGlobalSection
	GlobalSection(SolutionProperties) = preSolution
		HideSolutionNode = FALSE
	EndGlobalSection
	GlobalSection(ProjectConfigurationPlatforms) = postSolution
		{6501C741-47FF-4944-8E65-0850B2917D4D}.Debug|Any CPU.ActiveCfg = Debug|Any CPU
		{6501C741-47FF-4944-8E65-0850B2917D4D}.Debug|Any CPU.Build.0 = Debug|Any CPU
		{6501C741-47FF-4944-8E65-0850B2917D4D}.Debug|x64.ActiveCfg = Debug|Any CPU
		{6501C741-47FF-4944-8E65-0850B2917D4D}.Debug|x64.Build.0 = Debug|Any CPU
		{6501C741-47FF-4944-8E65-0850B2917D4D}.Debug|x86.ActiveCfg = Debug|Any CPU
		{6501C741-47FF-4944-8E65-0850B2917D4D}.Debug|x86.Build.0 = Debug|Any CPU
		{6501C741-47FF-4944-8E65-0850B2917D4D}.Release|Any CPU.ActiveCfg = Release|Any CPU
		{6501C741-47FF-4944-8E65-0850B2917D4D}.Release|Any CPU.Build.0 = Release|Any CPU
		{6501C741-47FF-4944-8E65-0850B2917D4D}.Release|x64.ActiveCfg = Release|Any CPU
		{6501C741-47FF-4944-8E65-0850B2917D4D}.Release|x64.Build.0 = Release|Any CPU
		{6501C741-47FF-4944-8E65-0850B2917D4D}.Release|x86.ActiveCfg = Release|Any CPU
		{6501C741-47FF-4944-8E65-0850B2917D4D}.Release|x86.Build.0 = Release|Any CPU
		{62C182F0-996B-43A1-BCC4-138F7D7D2B9F}.Debug|Any CPU.ActiveCfg = Debug|Any CPU
		{62C182F0-996B-43A1-BCC4-138F7D7D2B9F}.Debug|Any CPU.Build.0 = Debug|Any CPU
		{62C182F0-996B-43A1-BCC4-138F7D7D2B9F}.Debug|x64.ActiveCfg = Debug|Any CPU
		{62C182F0-996B-43A1-BCC4-138F7D7D2B9F}.Debug|x64.Build.0 = Debug|Any CPU
		{62C182F0-996B-43A1-BCC4-138F7D7D2B9F}.Debug|x86.ActiveCfg = Debug|Any CPU
		{62C182F0-996B-43A1-BCC4-138F7D7D2B9F}.Debug|x86.Build.0 = Debug|Any CPU
		{62C182F0-996B-43A1-BCC4-138F7D7D2B9F}.Release|Any CPU.ActiveCfg = Release|Any CPU
		{62C182F0-996B-43A1-BCC4-138F7D7D2B9F}.Release|Any CPU.Build.0 = Release|Any CPU
		{62C182F0-996B-43A1-BCC4-138F7D7D2B9F}.Release|x64.ActiveCfg = Release|Any CPU
		{62C182F0-996B-43A1-BCC4-138F7D7D2B9F}.Release|x64.Build.0 = Release|Any CPU
		{62C182F0-996B-43A1-BCC4-138F7D7D2B9F}.Release|x86.ActiveCfg = Release|Any CPU
		{62C182F0-996B-43A1-BCC4-138F7D7D2B9F}.Release|x86.Build.0 = Release|Any CPU
		{6623154E-1AB7-4591-A42C-4177D668FB3A}.Debug|Any CPU.ActiveCfg = Debug|Any CPU
		{6623154E-1AB7-4591-A42C-4177D668FB3A}.Debug|Any CPU.Build.0 = Debug|Any CPU
		{6623154E-1AB7-4591-A42C-4177D668FB3A}.Debug|x64.ActiveCfg = Debug|Any CPU
		{6623154E-1AB7-4591-A42C-4177D668FB3A}.Debug|x64.Build.0 = Debug|Any CPU
		{6623154E-1AB7-4591-A42C-4177D668FB3A}.Debug|x86.ActiveCfg = Debug|Any CPU
		{6623154E-1AB7-4591-A42C-4177D668FB3A}.Debug|x86.Build.0 = Debug|Any CPU
		{6623154E-1AB7-4591-A42C-4177D668FB3A}.Release|Any CPU.ActiveCfg = Release|Any CPU
		{6623154E-1AB7-4591-A42C-4177D668FB3A}.Release|Any CPU.Build.0 = Release|Any CPU
		{6623154E-1AB7-4591-A42C-4177D668FB3A}.Release|x64.ActiveCfg = Release|Any CPU
		{6623154E-1AB7-4591-A42C-4177D668FB3A}.Release|x64.Build.0 = Release|Any CPU
		{6623154E-1AB7-4591-A42C-4177D668FB3A}.Release|x86.ActiveCfg = Release|Any CPU
		{6623154E-1AB7-4591-A42C-4177D668FB3A}.Release|x86.Build.0 = Release|Any CPU
		{92220F94-C95D-4779-A367-93F672824CB5}.Debug|Any CPU.ActiveCfg = Debug|Any CPU
		{92220F94-C95D-4779-A367-93F672824CB5}.Debug|Any CPU.Build.0 = Debug|Any CPU
		{92220F94-C95D-4779-A367-93F672824CB5}.Debug|x64.ActiveCfg = Debug|Any CPU
		{92220F94-C95D-4779-A367-93F672824CB5}.Debug|x64.Build.0 = Debug|Any CPU
		{92220F94-C95D-4779-A367-93F672824CB5}.Debug|x86.ActiveCfg = Debug|Any CPU
		{92220F94-C95D-4779-A367-93F672824CB5}.Debug|x86.Build.0 = Debug|Any CPU
		{92220F94-C95D-4779-A367-93F672824CB5}.Release|Any CPU.ActiveCfg = Release|Any CPU
		{92220F94-C95D-4779-A367-93F672824CB5}.Release|Any CPU.Build.0 = Release|Any CPU
		{92220F94-C95D-4779-A367-93F672824CB5}.Release|x64.ActiveCfg = Release|Any CPU
		{92220F94-C95D-4779-A367-93F672824CB5}.Release|x64.Build.0 = Release|Any CPU
		{92220F94-C95D-4779-A367-93F672824CB5}.Release|x86.ActiveCfg = Release|Any CPU
		{92220F94-C95D-4779-A367-93F672824CB5}.Release|x86.Build.0 = Release|Any CPU
		{40C2289C-A69A-47CF-9AC6-E7C277E5E58C}.Debug|Any CPU.ActiveCfg = Debug|Any CPU
		{40C2289C-A69A-47CF-9AC6-E7C277E5E58C}.Debug|Any CPU.Build.0 = Debug|Any CPU
		{40C2289C-A69A-47CF-9AC6-E7C277E5E58C}.Debug|x64.ActiveCfg = Debug|Any CPU
		{40C2289C-A69A-47CF-9AC6-E7C277E5E58C}.Debug|x64.Build.0 = Debug|Any CPU
		{40C2289C-A69A-47CF-9AC6-E7C277E5E58C}.Debug|x86.ActiveCfg = Debug|Any CPU
		{40C2289C-A69A-47CF-9AC6-E7C277E5E58C}.Debug|x86.Build.0 = Debug|Any CPU
		{40C2289C-A69A-47CF-9AC6-E7C277E5E58C}.Release|Any CPU.ActiveCfg = Release|Any CPU
		{40C2289C-A69A-47CF-9AC6-E7C277E5E58C}.Release|Any CPU.Build.0 = Release|Any CPU
		{40C2289C-A69A-47CF-9AC6-E7C277E5E58C}.Release|x64.ActiveCfg = Release|Any CPU
		{40C2289C-A69A-47CF-9AC6-E7C277E5E58C}.Release|x64.Build.0 = Release|Any CPU
		{40C2289C-A69A-47CF-9AC6-E7C277E5E58C}.Release|x86.ActiveCfg = Release|Any CPU
		{40C2289C-A69A-47CF-9AC6-E7C277E5E58C}.Release|x86.Build.0 = Release|Any CPU
		{91D37210-1F43-493E-B539-7D03DEC6DBC4}.Debug|Any CPU.ActiveCfg = Debug|Any CPU
		{91D37210-1F43-493E-B539-7D03DEC6DBC4}.Debug|Any CPU.Build.0 = Debug|Any CPU
		{91D37210-1F43-493E-B539-7D03DEC6DBC4}.Debug|x64.ActiveCfg = Debug|Any CPU
		{91D37210-1F43-493E-B539-7D03DEC6DBC4}.Debug|x64.Build.0 = Debug|Any CPU
		{91D37210-1F43-493E-B539-7D03DEC6DBC4}.Debug|x86.ActiveCfg = Debug|Any CPU
		{91D37210-1F43-493E-B539-7D03DEC6DBC4}.Debug|x86.Build.0 = Debug|Any CPU
		{91D37210-1F43-493E-B539-7D03DEC6DBC4}.Release|Any CPU.ActiveCfg = Release|Any CPU
		{91D37210-1F43-493E-B539-7D03DEC6DBC4}.Release|Any CPU.Build.0 = Release|Any CPU
		{91D37210-1F43-493E-B539-7D03DEC6DBC4}.Release|x64.ActiveCfg = Release|Any CPU
		{91D37210-1F43-493E-B539-7D03DEC6DBC4}.Release|x64.Build.0 = Release|Any CPU
		{91D37210-1F43-493E-B539-7D03DEC6DBC4}.Release|x86.ActiveCfg = Release|Any CPU
		{91D37210-1F43-493E-B539-7D03DEC6DBC4}.Release|x86.Build.0 = Release|Any CPU
	EndGlobalSection
EndGlobal
